// !$*UTF8*$!
{
	archiveVersion = 1;
	classes = {
	};
	objectVersion = 46;
	objects = {

/* Begin PBXBuildFile section */
		AD48B2EF1EE7D4BD00AACE98 /* main.m in Sources */ = {isa = PBXBuildFile; fileRef = AD48B2EE1EE7D4BD00AACE98 /* main.m */; };
		AD48B2F21EE7D4BD00AACE98 /* AppDelegate.m in Sources */ = {isa = PBXBuildFile; fileRef = AD48B2F11EE7D4BD00AACE98 /* AppDelegate.m */; };
		AD48B2F51EE7D4BD00AACE98 /* FirstViewController.m in Sources */ = {isa = PBXBuildFile; fileRef = AD48B2F41EE7D4BD00AACE98 /* FirstViewController.m */; };
		AD48B2F81EE7D4BD00AACE98 /* SecondViewController.m in Sources */ = {isa = PBXBuildFile; fileRef = AD48B2F71EE7D4BD00AACE98 /* SecondViewController.m */; };
		AD48B2FB1EE7D4BD00AACE98 /* Main.storyboard in Resources */ = {isa = PBXBuildFile; fileRef = AD48B2F91EE7D4BD00AACE98 /* Main.storyboard */; };
		AD48B2FD1EE7D4BD00AACE98 /* Assets.xcassets in Resources */ = {isa = PBXBuildFile; fileRef = AD48B2FC1EE7D4BD00AACE98 /* Assets.xcassets */; };
		AD48B3001EE7D4BD00AACE98 /* LaunchScreen.storyboard in Resources */ = {isa = PBXBuildFile; fileRef = AD48B2FE1EE7D4BD00AACE98 /* LaunchScreen.storyboard */; };
/* End PBXBuildFile section */

/* Begin PBXFileReference section */
		AD48B2EA1EE7D4BD00AACE98 /* BookReader.app */ = {isa = PBXFileReference; explicitFileType = wrapper.application; includeInIndex = 0; path = BookReader.app; sourceTree = BUILT_PRODUCTS_DIR; };
		AD48B2EE1EE7D4BD00AACE98 /* main.m */ = {isa = PBXFileReference; lastKnownFileType = sourcecode.c.objc; path = main.m; sourceTree = "<group>"; };
		AD48B2F01EE7D4BD00AACE98 /* AppDelegate.h */ = {isa = PBXFileReference; lastKnownFileType = sourcecode.c.h; path = AppDelegate.h; sourceTree = "<group>"; };
		AD48B2F11EE7D4BD00AACE98 /* AppDelegate.m */ = {isa = PBXFileReference; lastKnownFileType = sourcecode.c.objc; path = AppDelegate.m; sourceTree = "<group>"; };
		AD48B2F31EE7D4BD00AACE98 /* FirstViewController.h */ = {isa = PBXFileReference; lastKnownFileType = sourcecode.c.h; path = FirstViewController.h; sourceTree = "<group>"; };
		AD48B2F41EE7D4BD00AACE98 /* FirstViewController.m */ = {isa = PBXFileReference; lastKnownFileType = sourcecode.c.objc; path = FirstViewController.m; sourceTree = "<group>"; };
		AD48B2F61EE7D4BD00AACE98 /* SecondViewController.h */ = {isa = PBXFileReference; lastKnownFileType = sourcecode.c.h; path = SecondViewController.h; sourceTree = "<group>"; };
		AD48B2F71EE7D4BD00AACE98 /* SecondViewController.m */ = {isa = PBXFileReference; lastKnownFileType = sourcecode.c.objc; path = SecondViewController.m; sourceTree = "<group>"; };
		AD48B2FA1EE7D4BD00AACE98 /* Base */ = {isa = PBXFileReference; lastKnownFileType = file.storyboard; name = Base; path = Base.lproj/Main.storyboard; sourceTree = "<group>"; };
		AD48B2FC1EE7D4BD00AACE98 /* Assets.xcassets */ = {isa = PBXFileReference; lastKnownFileType = folder.assetcatalog; path = Assets.xcassets; sourceTree = "<group>"; };
		AD48B2FF1EE7D4BD00AACE98 /* Base */ = {isa = PBXFileReference; lastKnownFileType = file.storyboard; name = Base; path = Base.lproj/LaunchScreen.storyboard; sourceTree = "<group>"; };
		AD48B3011EE7D4BD00AACE98 /* Info.plist */ = {isa = PBXFileReference; lastKnownFileType = text.plist.xml; path = Info.plist; sourceTree = "<group>"; };
/* End PBXFileReference section */

/* Begin PBXFrameworksBuildPhase section */
		AD48B2E71EE7D4BD00AACE98 /* Frameworks */ = {
			isa = PBXFrameworksBuildPhase;
			buildActionMask = 2147483647;
			files = (
			);
			runOnlyForDeploymentPostprocessing = 0;
		};
/* End PBXFrameworksBuildPhase section */

/* Begin PBXGroup section */
		AD48B2E11EE7D4BD00AACE98 = {
			isa = PBXGroup;
			children = (
				AD48B2EC1EE7D4BD00AACE98 /* BookReader */,
				AD48B2EB1EE7D4BD00AACE98 /* Products */,
			);
			sourceTree = "<group>";
		};
		AD48B2EB1EE7D4BD00AACE98 /* Products */ = {
			isa = PBXGroup;
			children = (
				AD48B2EA1EE7D4BD00AACE98 /* BookReader.app */,
			);
			name = Products;
			sourceTree = "<group>";
		};
		AD48B2EC1EE7D4BD00AACE98 /* BookReader */ = {
			isa = PBXGroup;
			children = (
				AD48B2F01EE7D4BD00AACE98 /* AppDelegate.h */,
				AD48B2F11EE7D4BD00AACE98 /* AppDelegate.m */,
				AD48B2F31EE7D4BD00AACE98 /* FirstViewController.h */,
				AD48B2F41EE7D4BD00AACE98 /* FirstViewController.m */,
				AD48B2F61EE7D4BD00AACE98 /* SecondViewController.h */,
				AD48B2F71EE7D4BD00AACE98 /* SecondViewController.m */,
				AD48B2F91EE7D4BD00AACE98 /* Main.storyboard */,
				AD48B2FC1EE7D4BD00AACE98 /* Assets.xcassets */,
				AD48B2FE1EE7D4BD00AACE98 /* LaunchScreen.storyboard */,
				AD48B3011EE7D4BD00AACE98 /* Info.plist */,
				AD48B2ED1EE7D4BD00AACE98 /* Supporting Files */,
			);
			path = BookReader;
			sourceTree = "<group>";
		};
		AD48B2ED1EE7D4BD00AACE98 /* Supporting Files */ = {
			isa = PBXGroup;
			children = (
				AD48B2EE1EE7D4BD00AACE98 /* main.m */,
			);
			name = "Supporting Files";
			sourceTree = "<group>";
		};
/* End PBXGroup section */

/* Begin PBXNativeTarget section */
		AD48B2E91EE7D4BD00AACE98 /* BookReader */ = {
			isa = PBXNativeTarget;
			buildConfigurationList = AD48B3041EE7D4BD00AACE98 /* Build configuration list for PBXNativeTarget "BookReader" */;
			buildPhases = (
				AD48B2E61EE7D4BD00AACE98 /* Sources */,
				AD48B2E71EE7D4BD00AACE98 /* Frameworks */,
				AD48B2E81EE7D4BD00AACE98 /* Resources */,
			);
			buildRules = (
			);
			dependencies = (
			);
			name = BookReader;
			productName = BookReader;
			productReference = AD48B2EA1EE7D4BD00AACE98 /* BookReader.app */;
			productType = "com.apple.product-type.application";
		};
/* End PBXNativeTarget section */

/* Begin PBXProject section */
		AD48B2E21EE7D4BD00AACE98 /* Project object */ = {
			isa = PBXProject;
			attributes = {
				LastUpgradeCheck = 0830;
				ORGANIZATIONNAME = "郭江";
				TargetAttributes = {
					AD48B2E91EE7D4BD00AACE98 = {
						CreatedOnToolsVersion = 8.3.2;
						DevelopmentTeam = B4VX949QFW;
						ProvisioningStyle = Automatic;
					};
				};
			};
			buildConfigurationList = AD48B2E51EE7D4BD00AACE98 /* Build configuration list for PBXProject "BookReader" */;
			compatibilityVersion = "Xcode 3.2";
			developmentRegion = English;
			hasScannedForEncodings = 0;
			knownRegions = (
				en,
				Base,
			);
			mainGroup = AD48B2E11EE7D4BD00AACE98;
			productRefGroup = AD48B2EB1EE7D4BD00AACE98 /* Products */;
			projectDirPath = "";
			projectRoot = "";
			targets = (
				AD48B2E91EE7D4BD00AACE98 /* BookReader */,
			);
		};
/* End PBXProject section */

/* Begin PBXResourcesBuildPhase section */
		AD48B2E81EE7D4BD00AACE98 /* Resources */ = {
			isa = PBXResourcesBuildPhase;
			buildActionMask = 2147483647;
			files = (
				AD48B3001EE7D4BD00AACE98 /* LaunchScreen.storyboard in Resources */,
				AD48B2FD1EE7D4BD00AACE98 /* Assets.xcassets in Resources */,
				AD48B2FB1EE7D4BD00AACE98 /* Main.storyboard in Resources */,
			);
			runOnlyForDeploymentPostprocessing = 0;
		};
/* End PBXResourcesBuildPhase section */

/* Begin PBXSourcesBuildPhase section */
		AD48B2E61EE7D4BD00AACE98 /* Sources */ = {
			isa = PBXSourcesBuildPhase;
			buildActionMask = 2147483647;
			files = (
				AD48B2F81EE7D4BD00AACE98 /* SecondViewController.m in Sources */,
				AD48B2F21EE7D4BD00AACE98 /* AppDelegate.m in Sources */,
				AD48B2F51EE7D4BD00AACE98 /* FirstViewController.m in Sources */,
				AD48B2EF1EE7D4BD00AACE98 /* main.m in Sources */,
			);
			runOnlyForDeploymentPostprocessing = 0;
		};
/* End PBXSourcesBuildPhase section */

/* Begin PBXVariantGroup section */
		AD48B2F91EE7D4BD00AACE98 /* Main.storyboard */ = {
			isa = PBXVariantGroup;
			children = (
				AD48B2FA1EE7D4BD00AACE98 /* Base */,
			);
			name = Main.storyboard;
			sourceTree = "<group>";
		};
		AD48B2FE1EE7D4BD00AACE98 /* LaunchScreen.storyboard */ = {
			isa = PBXVariantGroup;
			children = (
				AD48B2FF1EE7D4BD00AACE98 /* Base */,
			);
			name = LaunchScreen.storyboard;
			sourceTree = "<group>";
		};
/* End PBXVariantGroup section */

/* Begin XCBuildConfiguration section */
		AD48B3021EE7D4BD00AACE98 /* Debug */ = {
			isa = XCBuildConfiguration;
			buildSettings = {
				ALWAYS_SEARCH_USER_PATHS = NO;
				CLANG_ANALYZER_NONNULL = YES;
				CLANG_ANALYZER_NUMBER_OBJECT_CONVERSION = YES_AGGRESSIVE;
				CLANG_CXX_LANGUAGE_STANDARD = "gnu++0x";
				CLANG_CXX_LIBRARY = "libc++";
				CLANG_ENABLE_MODULES = YES;
				CLANG_ENABLE_OBJC_ARC = YES;
				CLANG_WARN_BOOL_CONVERSION = YES;
				CLANG_WARN_CONSTANT_CONVERSION = YES;
				CLANG_WARN_DIRECT_OBJC_ISA_USAGE = YES_ERROR;
				CLANG_WARN_DOCUMENTATION_COMMENTS = YES;
				CLANG_WARN_EMPTY_BODY = YES;
				CLANG_WARN_ENUM_CONVERSION = YES;
				CLANG_WARN_INFINITE_RECURSION = YES;
				CLANG_WARN_INT_CONVERSION = YES;
				CLANG_WARN_OBJC_ROOT_CLASS = YES_ERROR;
				CLANG_WARN_SUSPICIOUS_MOVE = YES;
				CLANG_WARN_UNREACHABLE_CODE = YES;
				CLANG_WARN__DUPLICATE_METHOD_MATCH = YES;
				"CODE_SIGN_IDENTITY[sdk=iphoneos*]" = "iPhone Developer";
				COPY_PHASE_STRIP = NO;
				DEBUG_INFORMATION_FORMAT = dwarf;
				ENABLE_STRICT_OBJC_MSGSEND = YES;
				ENABLE_TESTABILITY = YES;
				GCC_C_LANGUAGE_STANDARD = gnu99;
				GCC_DYNAMIC_NO_PIC = NO;
				GCC_NO_COMMON_BLOCKS = YES;
				GCC_OPTIMIZATION_LEVEL = 0;
				GCC_PREPROCESSOR_DEFINITIONS = (
					"DEBUG=1",
					"$(inherited)",
				);
				GCC_WARN_64_TO_32_BIT_CONVERSION = YES;
				GCC_WARN_ABOUT_RETURN_TYPE = YES_ERROR;
				GCC_WARN_UNDECLARED_SELECTOR = YES;
				GCC_WARN_UNINITIALIZED_AUTOS = YES_AGGRESSIVE;
				GCC_WARN_UNUSED_FUNCTION = YES;
				GCC_WARN_UNUSED_VARIABLE = YES;
				IPHONEOS_DEPLOYMENT_TARGET = 10.3;
				MTL_ENABLE_DEBUG_INFO = YES;
				ONLY_ACTIVE_ARCH = YES;
				SDKROOT = iphoneos;
			};
			name = Debug;
		};
		AD48B3031EE7D4BD00AACE98 /* Release */ = {
			isa = XCBuildConfiguration;
			buildSettings = {
				ALWAYS_SEARCH_USER_PATHS = NO;
				CLANG_ANALYZER_NONNULL = YES;
				CLANG_ANALYZER_NUMBER_OBJECT_CONVERSION = YES_AGGRESSIVE;
				CLANG_CXX_LANGUAGE_STANDARD = "gnu++0x";
				CLANG_CXX_LIBRARY = "libc++";
				CLANG_ENABLE_MODULES = YES;
				CLANG_ENABLE_OBJC_ARC = YES;
				CLANG_WARN_BOOL_CONVERSION = YES;
				CLANG_WARN_CONSTANT_CONVERSION = YES;
				CLANG_WARN_DIRECT_OBJC_ISA_USAGE = YES_ERROR;
				CLANG_WARN_DOCUMENTATION_COMMENTS = YES;
				CLANG_WARN_EMPTY_BODY = YES;
				CLANG_WARN_ENUM_CONVERSION = YES;
				CLANG_WARN_INFINITE_RECURSION = YES;
				CLANG_WARN_INT_CONVERSION = YES;
				CLANG_WARN_OBJC_ROOT_CLASS = YES_ERROR;
				CLANG_WARN_SUSPICIOUS_MOVE = YES;
				CLANG_WARN_UNREACHABLE_CODE = YES;
				CLANG_WARN__DUPLICATE_METHOD_MATCH = YES;
				"CODE_SIGN_IDENTITY[sdk=iphoneos*]" = "iPhone Developer";
				COPY_PHASE_STRIP = NO;
				DEBUG_INFORMATION_FORMAT = "dwarf-with-dsym";
				ENABLE_NS_ASSERTIONS = NO;
				ENABLE_STRICT_OBJC_MSGSEND = YES;
				GCC_C_LANGUAGE_STANDARD = gnu99;
				GCC_NO_COMMON_BLOCKS = YES;
				GCC_WARN_64_TO_32_BIT_CONVERSION = YES;
				GCC_WARN_ABOUT_RETURN_TYPE = YES_ERROR;
				GCC_WARN_UNDECLARED_SELECTOR = YES;
				GCC_WARN_UNINITIALIZED_AUTOS = YES_AGGRESSIVE;
				GCC_WARN_UNUSED_FUNCTION = YES;
				GCC_WARN_UNUSED_VARIABLE = YES;
				IPHONEOS_DEPLOYMENT_TARGET = 10.3;
				MTL_ENABLE_DEBUG_INFO = NO;
				SDKROOT = iphoneos;
				VALIDATE_PRODUCT = YES;
			};
			name = Release;
		};
		AD48B3051EE7D4BD00AACE98 /* Debug */ = {
			isa = XCBuildConfiguration;
			buildSettings = {
				ASSETCATALOG_COMPILER_APPICON_NAME = AppIcon;
				DEVELOPMENT_TEAM = B4VX949QFW;
				INFOPLIST_FILE = BookReader/Info.plist;
				IPHONEOS_DEPLOYMENT_TARGET = 8.0;
				LD_RUNPATH_SEARCH_PATHS = "$(inherited) @executable_path/Frameworks";
				PRODUCT_BUNDLE_IDENTIFIER = com.dacheng.BookReader;
				PRODUCT_NAME = "$(TARGET_NAME)";
			};
			name = Debug;
		};
		AD48B3061EE7D4BD00AACE98 /* Release */ = {
			isa = XCBuildConfiguration;
			buildSettings = {
				ASSETCATALOG_COMPILER_APPICON_NAME = AppIcon;
				DEVELOPMENT_TEAM = B4VX949QFW;
				INFOPLIST_FILE = BookReader/Info.plist;
				IPHONEOS_DEPLOYMENT_TARGET = 8.0;
				LD_RUNPATH_SEARCH_PATHS = "$(inherited) @executable_path/Frameworks";
				PRODUCT_BUNDLE_IDENTIFIER = com.dacheng.BookReader;
				PRODUCT_NAME = "$(TARGET_NAME)";
			};
			name = Release;
		};
/* End XCBuildConfiguration section */

/* Begin XCConfigurationList section */
		AD48B2E51EE7D4BD00AACE98 /* Build configuration list for PBXProject "BookReader" */ = {
			isa = XCConfigurationList;
			buildConfigurations = (
				AD48B3021EE7D4BD00AACE98 /* Debug */,
				AD48B3031EE7D4BD00AACE98 /* Release */,
			);
			defaultConfigurationIsVisible = 0;
			defaultConfigurationName = Release;
		};
		AD48B3041EE7D4BD00AACE98 /* Build configuration list for PBXNativeTarget "BookReader" */ = {
			isa = XCConfigurationList;
			buildConfigurations = (
				AD48B3051EE7D4BD00AACE98 /* Debug */,
				AD48B3061EE7D4BD00AACE98 /* Release */,
			);
			defaultConfigurationIsVisible = 0;
		};
/* End XCConfigurationList section */
	};
	rootObject = AD48B2E21EE7D4BD00AACE98 /* Project object */;
}
